<?xml version="1.0" encoding="utf-8"?>
<Project ToolsVersion="4.0" xmlns="http://schemas.microsoft.com/developer/msbuild/2003">
  <ItemGroup>
    <Filter Include="ソース ファイル">
      <UniqueIdentifier>{4FC737F1-C7A5-4376-A066-2A32D752A2FF}</UniqueIdentifier>
      <Extensions>cpp;c;cc;cxx;c++;cppm;ixx;def;odl;idl;hpj;bat;asm;asmx</Extensions>
    </Filter>
    <Filter Include="ヘッダー ファイル">
      <UniqueIdentifier>{93995380-89BD-4b04-88EB-625FBE52EBFB}</UniqueIdentifier>
      <Extensions>h;hh;hpp;hxx;h++;hm;inl;inc;ipp;xsd</Extensions>
    </Filter>
    <Filter Include="リソース ファイル">
      <UniqueIdentifier>{67DA6AB6-F800-4c08-8B7A-83BB121AAD01}</UniqueIdentifier>
      <Extensions>rc;ico;cur;bmp;dlg;rc2;rct;bin;rgs;gif;jpg;jpeg;jpe;resx;tiff;tif;png;wav;mfcribbon-ms</Extensions>
    </Filter>
    <Filter Include="target">
      <UniqueIdentifier>{b9e372f1-2968-4063-94c7-0f3d248c4ad4}</UniqueIdentifier>
    </Filter>
  </ItemGroup>
  <ItemGroup>
    <ClCompile Include="CameraTest.cpp">
      <Filter>ソース ファイル</Filter>
    </ClCompile>
    <ClCompile Include="VoyageTest.cpp">
      <Filter>ソース ファイル</Filter>
    </ClCompile>
    <ClCompile Include="Util.cpp">
      <Filter>ソース ファイル</Filter>
    </ClCompile>
    <ClCompile Include="CraftTest.cpp">
      <Filter>ソース ファイル</Filter>
    </ClCompile>
    <ClCompile Include="MainWindowTest.cpp">
      <Filter>ソース ファイル</Filter>
    </ClCompile>
    <ClCompile Include="..\RedFortress\AnimationStrategy.cpp">
      <Filter>target</Filter>
    </ClCompile>
    <ClCompile Include="..\RedFortress\AnimController.cpp">
      <Filter>target</Filter>
    </ClCompile>
    <ClCompile Include="..\RedFortress\AnimMesh.cpp">
      <Filter>target</Filter>
    </ClCompile>
    <ClCompile Include="..\RedFortress\AnimMeshAlloc.cpp">
      <Filter>target</Filter>
    </ClCompile>
    <ClCompile Include="..\RedFortress\BGM.cpp">
      <Filter>target</Filter>
    </ClCompile>
    <ClCompile Include="..\RedFortress\Camera.cpp">
      <Filter>target</Filter>
    </ClCompile>
    <ClCompile Include="..\RedFortress\CommandManager.cpp">
      <Filter>target</Filter>
    </ClCompile>
    <ClCompile Include="..\RedFortress\Common.cpp">
      <Filter>target</Filter>
    </ClCompile>
    <ClCompile Include="..\RedFortress\EnemySphere.cpp">
      <Filter>target</Filter>
    </ClCompile>
    <ClCompile Include="..\RedFortress\CraftManager.cpp">
      <Filter>target</Filter>
    </ClCompile>
    <ClCompile Include="..\RedFortress\EnemyBase.cpp">
      <Filter>target</Filter>
    </ClCompile>
    <ClCompile Include="..\RedFortress\EnemyBigCube.cpp">
      <Filter>target</Filter>
    </ClCompile>
    <ClCompile Include="..\RedFortress\EnemyCube.cpp">
      <Filter>target</Filter>
    </ClCompile>
    <ClCompile Include="..\RedFortress\EnemyDisk.cpp">
      <Filter>target</Filter>
    </ClCompile>
    <ClCompile Include="..\RedFortress\EnemyEnchu.cpp">
      <Filter>target</Filter>
    </ClCompile>
    <ClCompile Include="..\RedFortress\EnemyGhost.cpp">
      <Filter>target</Filter>
    </ClCompile>
    <ClCompile Include="..\RedFortress\EnemyHanen.cpp">
      <Filter>target</Filter>
    </ClCompile>
    <ClCompile Include="..\RedFortress\EnemyHankyuu.cpp">
      <Filter>target</Filter>
    </ClCompile>
    <ClCompile Include="..\RedFortress\EnemyManager.cpp">
      <Filter>target</Filter>
    </ClCompile>
    <ClCompile Include="..\RedFortress\EnemyOrangeCube.cpp">
      <Filter>target</Filter>
    </ClCompile>
    <ClCompile Include="..\RedFortress\EnemySmallCube.cpp">
      <Filter>target</Filter>
    </ClCompile>
    <ClCompile Include="..\RedFortress\Light.cpp">
      <Filter>target</Filter>
    </ClCompile>
    <ClCompile Include="..\RedFortress\GamePad.cpp">
      <Filter>target</Filter>
    </ClCompile>
    <ClCompile Include="..\RedFortress\HudManager.cpp">
      <Filter>target</Filter>
    </ClCompile>
    <ClCompile Include="..\RedFortress\KeyBoard.cpp">
      <Filter>target</Filter>
    </ClCompile>
    <ClCompile Include="..\RedFortress\Opening.cpp">
      <Filter>target</Filter>
    </ClCompile>
    <ClCompile Include="..\RedFortress\MainWindow.cpp">
      <Filter>target</Filter>
    </ClCompile>
    <ClCompile Include="..\RedFortress\Map.cpp">
      <Filter>target</Filter>
    </ClCompile>
    <ClCompile Include="..\RedFortress\MenuManager.cpp">
      <Filter>target</Filter>
    </ClCompile>
    <ClCompile Include="..\RedFortress\Mesh.cpp">
      <Filter>target</Filter>
    </ClCompile>
    <ClCompile Include="..\RedFortress\MeshClone.cpp">
      <Filter>target</Filter>
    </ClCompile>
    <ClCompile Include="..\RedFortress\MeshNoShade.cpp">
      <Filter>target</Filter>
    </ClCompile>
    <ClCompile Include="..\RedFortress\Mouse.cpp">
      <Filter>target</Filter>
    </ClCompile>
    <ClCompile Include="..\RedFortress\NpcManager.cpp">
      <Filter>target</Filter>
    </ClCompile>
    <ClCompile Include="..\RedFortress\QuestManager.cpp">
      <Filter>target</Filter>
    </ClCompile>
    <ClCompile Include="..\RedFortress\Rain.cpp">
      <Filter>target</Filter>
    </ClCompile>
    <ClCompile Include="..\RedFortress\PatchTestManager2.cpp">
      <Filter>target</Filter>
    </ClCompile>
    <ClCompile Include="..\RedFortress\Player.cpp">
      <Filter>target</Filter>
    </ClCompile>
    <ClCompile Include="..\RedFortress\Title.cpp">
      <Filter>target</Filter>
    </ClCompile>
    <ClCompile Include="..\RedFortress\VoyageManager.cpp">
      <Filter>target</Filter>
    </ClCompile>
    <ClCompile Include="..\RedFortress\SaveManager.cpp">
      <Filter>target</Filter>
    </ClCompile>
    <ClCompile Include="..\RedFortress\SeqBattle.cpp">
      <Filter>target</Filter>
    </ClCompile>
    <ClCompile Include="..\RedFortress\SeqEnding.cpp">
      <Filter>target</Filter>
    </ClCompile>
    <ClCompile Include="..\RedFortress\SharedObj.cpp">
      <Filter>target</Filter>
    </ClCompile>
    <ClCompile Include="..\RedFortress\SoundEffect.cpp">
      <Filter>target</Filter>
    </ClCompile>
    <ClCompile Include="..\RedFortress\Sprite.cpp">
      <Filter>target</Filter>
    </ClCompile>
    <ClCompile Include="..\RedFortress\StackBackTrace.cpp">
      <Filter>target</Filter>
    </ClCompile>
    <ClCompile Include="..\RedFortress\StoryManager.cpp">
      <Filter>target</Filter>
    </ClCompile>
    <ClCompile Include="..\RedFortress\PopUp.cpp">
      <Filter>target</Filter>
    </ClCompile>
    <ClCompile Include="..\RedFortress\PopUp2.cpp">
      <Filter>target</Filter>
    </ClCompile>
    <ClCompile Include="..\RedFortress\main.cpp">
      <Filter>target</Filter>
    </ClCompile>
  </ItemGroup>
  <ItemGroup>
    <ClInclude Include="Util.h">
      <Filter>ヘッダー ファイル</Filter>
    </ClInclude>
    <ClInclude Include="..\RedFortress\Common.h">
      <Filter>target</Filter>
    </ClInclude>
    <ClInclude Include="..\RedFortress\AnimationStrategy.h">
      <Filter>target</Filter>
    </ClInclude>
    <ClInclude Include="..\RedFortress\AnimController.h">
      <Filter>target</Filter>
    </ClInclude>
    <ClInclude Include="..\RedFortress\AnimMesh.h">
      <Filter>target</Filter>
    </ClInclude>
    <ClInclude Include="..\RedFortress\AnimMeshAlloc.h">
      <Filter>target</Filter>
    </ClInclude>
    <ClInclude Include="..\RedFortress\BGM.h">
      <Filter>target</Filter>
    </ClInclude>
    <ClInclude Include="..\RedFortress\Camera.h">
      <Filter>target</Filter>
    </ClInclude>
    <ClInclude Include="..\RedFortress\CommandManager.h">
      <Filter>target</Filter>
    </ClInclude>
    <ClInclude Include="..\RedFortress\EnemySphere.h">
      <Filter>target</Filter>
    </ClInclude>
    <ClInclude Include="..\RedFortress\CraftManager.h">
      <Filter>target</Filter>
    </ClInclude>
    <ClInclude Include="..\RedFortress\EnemyBase.h">
      <Filter>target</Filter>
    </ClInclude>
    <ClInclude Include="..\RedFortress\EnemyBigCube.h">
      <Filter>target</Filter>
    </ClInclude>
    <ClInclude Include="..\RedFortress\EnemyCube.h">
      <Filter>target</Filter>
    </ClInclude>
    <ClInclude Include="..\RedFortress\EnemyDisk.h">
      <Filter>target</Filter>
    </ClInclude>
    <ClInclude Include="..\RedFortress\EnemyEnchu.h">
      <Filter>target</Filter>
    </ClInclude>
    <ClInclude Include="..\RedFortress\EnemyGhost.h">
      <Filter>target</Filter>
    </ClInclude>
    <ClInclude Include="..\RedFortress\EnemyHanen.h">
      <Filter>target</Filter>
    </ClInclude>
    <ClInclude Include="..\RedFortress\EnemyHankyuu.h">
      <Filter>target</Filter>
    </ClInclude>
    <ClInclude Include="..\RedFortress\EnemyManager.h">
      <Filter>target</Filter>
    </ClInclude>
    <ClInclude Include="..\RedFortress\EnemyOrangeCube.h">
      <Filter>target</Filter>
    </ClInclude>
    <ClInclude Include="..\RedFortress\EnemySmallCube.h">
      <Filter>target</Filter>
    </ClInclude>
    <ClInclude Include="..\RedFortress\KeyBoard.h">
      <Filter>target</Filter>
    </ClInclude>
    <ClInclude Include="..\RedFortress\Light.h">
      <Filter>target</Filter>
    </ClInclude>
    <ClInclude Include="..\RedFortress\GamePad.h">
      <Filter>target</Filter>
    </ClInclude>
    <ClInclude Include="..\RedFortress\HudManager.h">
      <Filter>target</Filter>
    </ClInclude>
    <ClInclude Include="..\RedFortress\Opening.h">
      <Filter>target</Filter>
    </ClInclude>
    <ClInclude Include="..\RedFortress\MainWindow.h">
      <Filter>target</Filter>
    </ClInclude>
    <ClInclude Include="..\RedFortress\Map.h">
      <Filter>target</Filter>
    </ClInclude>
    <ClInclude Include="..\RedFortress\MenuManager.h">
      <Filter>target</Filter>
    </ClInclude>
    <ClInclude Include="..\RedFortress\Mesh.h">
      <Filter>target</Filter>
    </ClInclude>
    <ClInclude Include="..\RedFortress\MeshClone.h">
      <Filter>target</Filter>
    </ClInclude>
    <ClInclude Include="..\RedFortress\MeshNoShade.h">
      <Filter>target</Filter>
    </ClInclude>
    <ClInclude Include="..\RedFortress\Mouse.h">
      <Filter>target</Filter>
    </ClInclude>
    <ClInclude Include="..\RedFortress\NpcManager.h">
      <Filter>target</Filter>
    </ClInclude>
    <ClInclude Include="..\RedFortress\QuestManager.h">
      <Filter>target</Filter>
    </ClInclude>
    <ClInclude Include="..\RedFortress\Rain.h">
      <Filter>target</Filter>
    </ClInclude>
    <ClInclude Include="..\RedFortress\PatchTestManager2.h">
      <Filter>target</Filter>
    </ClInclude>
    <ClInclude Include="..\RedFortress\Player.h">
      <Filter>target</Filter>
    </ClInclude>
    <ClInclude Include="..\RedFortress\Title.h">
      <Filter>target</Filter>
    </ClInclude>
    <ClInclude Include="..\RedFortress\VoyageManager.h">
      <Filter>target</Filter>
    </ClInclude>
    <ClInclude Include="..\RedFortress\resource.h">
      <Filter>target</Filter>
    </ClInclude>
    <ClInclude Include="..\RedFortress\SaveManager.h">
      <Filter>target</Filter>
    </ClInclude>
    <ClInclude Include="..\RedFortress\SeqBattle.h">
      <Filter>target</Filter>
    </ClInclude>
    <ClInclude Include="..\RedFortress\SeqEnding.h">
      <Filter>target</Filter>
    </ClInclude>
    <ClInclude Include="..\RedFortress\SharedObj.h">
      <Filter>target</Filter>
    </ClInclude>
    <ClInclude Include="..\RedFortress\SoundEffect.h">
      <Filter>target</Filter>
    </ClInclude>
    <ClInclude Include="..\RedFortress\Sprite.h">
      <Filter>target</Filter>
    </ClInclude>
    <ClInclude Include="..\RedFortress\StackBackTrace.h">
      <Filter>target</Filter>
    </ClInclude>
    <ClInclude Include="..\RedFortress\StoryManager.h">
      <Filter>target</Filter>
    </ClInclude>
    <ClInclude Include="..\RedFortress\PopUp.h">
      <Filter>target</Filter>
    </ClInclude>
    <ClInclude Include="..\RedFortress\PopUp2.h">
      <Filter>target</Filter>
    </ClInclude>
  </ItemGroup>
  <ItemGroup>
    <None Include="packages.config" />
  </ItemGroup>
</Project>